
Microsoft Visual Studio Solution File, Format Version 12.00
# Visual Studio 2012
Project("{FAE04EC0-301F-11D3-BF4B-00C04F79EFBC}") = "GetWeather", "GetWeather\GetWeather.csproj", "{FAF44525-BE9E-4BF6-BAD1-C32DC0C61E88}"
EndProject
Project("{FAE04EC0-301F-11D3-BF4B-00C04F79EFBC}") = "GetWeather.iOS", "iOS\GetWeather.iOS.csproj", "{AC67BDA0-AA6F-4791-991B-948A3A0B4555}"
EndProject
Project("{FAE04EC0-301F-11D3-BF4B-00C04F79EFBC}") = "GetWeather.Droid", "Droid\GetWeather.Droid.csproj", "{BF7615C4-06F2-4AE1-B6D3-55D5CFED6CE9}"
EndProject
Global
	GlobalSection(SolutionConfigurationPlatforms) = preSolution
		Debug|Any CPU = Debug|Any CPU
		Release|Any CPU = Release|Any CPU
		Debug|iPhoneSimulator = Debug|iPhoneSimulator
		Release|iPhone = Release|iPhone
		Release|iPhoneSimulator = Release|iPhoneSimulator
		Debug|iPhone = Debug|iPhone
	EndGlobalSection
	GlobalSection(ProjectConfigurationPlatforms) = postSolution
		{AC67BDA0-AA6F-4791-991B-948A3A0B4555}.Debug|Any CPU.ActiveCfg = Debug|iPhoneSimulator
		{AC67BDA0-AA6F-4791-991B-948A3A0B4555}.Debug|Any CPU.Build.0 = Debug|iPhoneSimulator
		{AC67BDA0-AA6F-4791-991B-948A3A0B4555}.Debug|iPhone.ActiveCfg = Debug|iPhone
		{AC67BDA0-AA6F-4791-991B-948A3A0B4555}.Debug|iPhone.Build.0 = Debug|iPhone
		{AC67BDA0-AA6F-4791-991B-948A3A0B4555}.Debug|iPhoneSimulator.ActiveCfg = Debug|iPhoneSimulator
		{AC67BDA0-AA6F-4791-991B-948A3A0B4555}.Debug|iPhoneSimulator.Build.0 = Debug|iPhoneSimulator
		{AC67BDA0-AA6F-4791-991B-948A3A0B4555}.Release|Any CPU.ActiveCfg = Release|iPhone
		{AC67BDA0-AA6F-4791-991B-948A3A0B4555}.Release|Any CPU.Build.0 = Release|iPhone
		{AC67BDA0-AA6F-4791-991B-948A3A0B4555}.Release|iPhone.ActiveCfg = Release|iPhone
		{AC67BDA0-AA6F-4791-991B-948A3A0B4555}.Release|iPhone.Build.0 = Release|iPhone
		{AC67BDA0-AA6F-4791-991B-948A3A0B4555}.Release|iPhoneSimulator.ActiveCfg = Release|iPhoneSimulator
		{AC67BDA0-AA6F-4791-991B-948A3A0B4555}.Release|iPhoneSimulator.Build.0 = Release|iPhoneSimulator
		{BF7615C4-06F2-4AE1-B6D3-55D5CFED6CE9}.Debug|Any CPU.ActiveCfg = Debug|Any CPU
		{BF7615C4-06F2-4AE1-B6D3-55D5CFED6CE9}.Debug|Any CPU.Build.0 = Debug|Any CPU
		{BF7615C4-06F2-4AE1-B6D3-55D5CFED6CE9}.Debug|iPhone.ActiveCfg = Debug|Any CPU
		{BF7615C4-06F2-4AE1-B6D3-55D5CFED6CE9}.Debug|iPhone.Build.0 = Debug|Any CPU
		{BF7615C4-06F2-4AE1-B6D3-55D5CFED6CE9}.Debug|iPhoneSimulator.ActiveCfg = Debug|Any CPU
		{BF7615C4-06F2-4AE1-B6D3-55D5CFED6CE9}.Debug|iPhoneSimulator.Build.0 = Debug|Any CPU
		{BF7615C4-06F2-4AE1-B6D3-55D5CFED6CE9}.Release|Any CPU.ActiveCfg = Release|Any CPU
		{BF7615C4-06F2-4AE1-B6D3-55D5CFED6CE9}.Release|Any CPU.Build.0 = Release|Any CPU
		{BF7615C4-06F2-4AE1-B6D3-55D5CFED6CE9}.Release|iPhone.ActiveCfg = Release|Any CPU
		{BF7615C4-06F2-4AE1-B6D3-55D5CFED6CE9}.Release|iPhone.Build.0 = Release|Any CPU
		{BF7615C4-06F2-4AE1-B6D3-55D5CFED6CE9}.Release|iPhoneSimulator.ActiveCfg = Release|Any CPU
		{BF7615C4-06F2-4AE1-B6D3-55D5CFED6CE9}.Release|iPhoneSimulator.Build.0 = Release|Any CPU
		{FAF44525-BE9E-4BF6-BAD1-C32DC0C61E88}.Debug|Any CPU.ActiveCfg = Debug|Any CPU
		{FAF44525-BE9E-4BF6-BAD1-C32DC0C61E88}.Debug|Any CPU.Build.0 = Debug|Any CPU
		{FAF44525-BE9E-4BF6-BAD1-C32DC0C61E88}.Debug|iPhone.ActiveCfg = Debug|Any CPU
		{FAF44525-BE9E-4BF6-BAD1-C32DC0C61E88}.Debug|iPhone.Build.0 = Debug|Any CPU
		{FAF44525-BE9E-4BF6-BAD1-C32DC0C61E88}.Debug|iPhoneSimulator.ActiveCfg = Debug|Any CPU
		{FAF44525-BE9E-4BF6-BAD1-C32DC0C61E88}.Debug|iPhoneSimulator.Build.0 = Debug|Any CPU
		{FAF44525-BE9E-4BF6-BAD1-C32DC0C61E88}.Release|Any CPU.ActiveCfg = Release|Any CPU
		{FAF44525-BE9E-4BF6-BAD1-C32DC0C61E88}.Release|Any CPU.Build.0 = Release|Any CPU
		{FAF44525-BE9E-4BF6-BAD1-C32DC0C61E88}.Release|iPhone.ActiveCfg = Release|Any CPU
		{FAF44525-BE9E-4BF6-BAD1-C32DC0C61E88}.Release|iPhone.Build.0 = Release|Any CPU
		{FAF44525-BE9E-4BF6-BAD1-C32DC0C61E88}.Release|iPhoneSimulator.ActiveCfg = Release|Any CPU
		{FAF44525-BE9E-4BF6-BAD1-C32DC0C61E88}.Release|iPhoneSimulator.Build.0 = Release|Any CPU
	EndGlobalSection
EndGlobal
